
Microsoft Visual Studio Solution File, Format Version 12.00
# Visual Studio Version 16
VisualStudioVersion = 16.0.29806.167
MinimumVisualStudioVersion = 10.0.40219.1
Project("{FAE04EC0-301F-11D3-BF4B-00C04F79EFBC}") = "N2N_GUI", "N2N_GUI\N2N_GUI.csproj", "{25705DEB-4E00-4542-8B48-8AFFA9B26EB8}"
EndProject
Project("{54435603-DBB4-11D2-8724-00A0C9A8B90C}") = "N2N_GUI_Setup", "N2N_GUI_Setup\N2N_GUI_Setup.vdproj", "{126F5AEF-AD60-485D-8C61-F4CEA7287ECE}"
EndProject
Global
	GlobalSection(SolutionConfigurationPlatforms) = preSolution
		Debug|Any CPU = Debug|Any CPU
		Release|Any CPU = Release|Any CPU
	EndGlobalSection
	GlobalSection(ProjectConfigurationPlatforms) = postSolution
		{25705DEB-4E00-4542-8B48-8AFFA9B26EB8}.Debug|Any CPU.ActiveCfg = Debug|Any CPU
		{25705DEB-4E00-4542-8B48-8AFFA9B26EB8}.Debug|Any CPU.Build.0 = Debug|Any CPU
		{25705DEB-4E00-4542-8B48-8AFFA9B26EB8}.Release|Any CPU.ActiveCfg = Release|Any CPU
		{25705DEB-4E00-4542-8B48-8AFFA9B26EB8}.Release|Any CPU.Build.0 = Release|Any CPU
		{126F5AEF-AD60-485D-8C61-F4CEA7287ECE}.Debug|Any CPU.ActiveCfg = Debug
		{126F5AEF-AD60-485D-8C61-F4CEA7287ECE}.Release|Any CPU.ActiveCfg = Release
	EndGlobalSection
	GlobalSection(SolutionProperties) = preSolution
		HideSolutionNode = FALSE
	EndGlobalSection
	GlobalSection(ExtensibilityGlobals) = postSolution
		SolutionGuid = {D54AE3B2-4B9A-4AD9-A127-E3DE5CD12EC2}
	EndGlobalSection
EndGlobal
